github.com/davecgh/go-spew v1.1.1 h1:vj9j/u1bqnvCEfJOwUhtlOARqs3+rkHYY13jYWTU97c=
github.com/davecgh/go-spew v1.1.1/go.mod h1:J7Y8YcW2NihsgmVo/mv3lAwl/skON4iLHjSsI+c5H38=
github.com/davidmdm/ansi v0.0.6 h1:syP/vheqacPk4lI4c+Z01IKHbOax4FpcLu5sYXMIHUg=
github.com/davidmdm/ansi v0.0.6/go.mod h1:En92c514AKUGa+HLY43mQfVImaVtBtAr5fako6mQa6w=
github.com/davidmdm/conf v0.0.7 h1:5VbSi6nStd7X04FuA9ArD00FRTtcPMhvb6BzKbAWoSM=
github.com/davidmdm/conf v0.0.7/go.mod h1:xcNNsALh9qR2toeuYnXfyMuOPMVuEAfWN0Nb4lqugzw=
github.com/davidmdm/x/xcontainer v0.0.1 h1:w2/2kdznEzWGVadViJxkKJUFHkVvF8+zUTgVXaE7YgU=
github.com/davidmdm/x/xcontainer v0.0.1/go.mod h1:L18FSGwKEbriTdimKmhTH8O8DttjMuUVGpZoy9pvv1U=
github.com/davidmdm/x/xcontext v0.0.2 h1:8US+zdRCPmnWeSa/28U+dvbhdkBd8mI6XhP7meIZCdk=
github.com/davidmdm/x/xcontext v0.0.2/go.mod h1:lfAacRD741WjdRwwuTrCaKtvEgPsGMSlmfwgib2SpVA=
github.com/davidmdm/x/xerr v0.0.3 h1:WwHvo6qzR+eRmHq69Ftgb7PL9832iwy313XpQyJRGtM=
github.com/davidmdm/x/xerr v0.0.3/go.mod h1:nEfdhUc3O/FmGUGLiJp2hHRhBeANkon7PJexIQ1DlAE=
github.com/fsnotify/fsnotify v1.7.0 h1:8JEhPFa5W2WU7YfeZzPNqzMP6Lwt7L2715Ggo0nosvA=
github.com/fsnotify/fsnotify v1.7.0/go.mod h1:40Bi/Hjc2AVfZrqy+aj+yEI+/bRxZnMJyTJwOpGvigM=
github.com/pmezard/go-difflib v1.0.0 h1:4DBwDE0NGyQoBHbLQYPwSUPoCMWR5BEzIk/f1lZbAQM=
github.com/pmezard/go-difflib v1.0.0/go.mod h1:iKH77koFhYxTK1pcRnkKkqfTogsbg7gZNVY4sRDYZ/4=
github.com/stretchr/testify v1.9.0 h1:HtqpIVDClZ4nwg75+f6Lvsy/wHu+3BoSGCbBAcpTsTg=
github.com/stretchr/testify v1.9.0/go.mod h1:r2ic/lqez/lEtzL7wO/rwa5dbSLXVDPFyf8C91i36aY=
github.com/yosssi/gohtml v0.0.0-20201013000340-ee4748c638f4 h1:0sw0nJM544SpsihWx1bkXdYLQDlzRflMgFJQ4Yih9ts=
github.com/yosssi/gohtml v0.0.0-20201013000340-ee4748c638f4/go.mod h1:+ccdNT0xMY1dtc5XBxumbYfOUhmduiGudqaDgD2rVRE=
golang.org/x/net v0.22.0 h1:9sGLhx7iRIHEiX0oAJ3MRZMUCElJgy7Br1nO+AMN3Tc=
golang.org/x/net v0.22.0/go.mod h1:JKghWKKOSdJwpW2GEx0Ja7fmaKnMsbu+MWVZTokSYmg=
golang.org/x/sys v0.18.0 h1:DBdB3niSjOA/O0blCZBqDefyWNYveAYMNF1Wum0DYQ4=
golang.org/x/sys v0.18.0/go.mod h1:/VUhepiaJMQUp4+oa/7Zr1D23ma6VTLIYjOOTFZPUcA=
golang.org/x/text v0.14.0 h1:ScX5w1eTa3QqT8oi6+ziP7dTV1S2+ALU0bI+0zXKWiQ=
golang.org/x/text v0.14.0/go.mod h1:18ZOQIKpY8NJVqYksKHtTdi31H5itFRjB5/qKTNYzSU=
gopkg.in/yaml.v3 v3.0.1 h1:fxVm/GzAzEWqLHuvctI91KS9hhNmmWOoWu0XTYJS7CA=
gopkg.in/yaml.v3 v3.0.1/go.mod h1:K4uyk7z7BCEPqu6E+C64Yfv1cQ7kz7rIZviUmN+EgEM=
